// !$*UTF8*$!
{
	archiveVersion = 1;
	classes = {
	};
	objectVersion = 56;
	objects = {

/* Begin PBXBuildFile section */
		316AC9A7291345400018102C /* main.swift in Sources */ = {isa = PBXBuildFile; fileRef = 316AC9A6291345400018102C /* main.swift */; };
		316AC9AC291345C20018102C /* SubRipText.swift in Sources */ = {isa = PBXBuildFile; fileRef = 316AC9AB291345C20018102C /* SubRipText.swift */; };
		316AC9B4291347FD0018102C /* SubRipTextTests.swift in Sources */ = {isa = PBXBuildFile; fileRef = 316AC9B3291347FD0018102C /* SubRipTextTests.swift */; };
		316AC9B82913483B0018102C /* SubRipText.swift in Sources */ = {isa = PBXBuildFile; fileRef = 316AC9AB291345C20018102C /* SubRipText.swift */; };
		3196E7C22A4A62FE00F211D0 /* main.cpp in Sources */ = {isa = PBXBuildFile; fileRef = 3196E7C12A4A62FE00F211D0 /* main.cpp */; };
		3196E7C82A4A63E700F211D0 /* libiconv.tbd in Frameworks */ = {isa = PBXBuildFile; fileRef = 3196E7C72A4A63E700F211D0 /* libiconv.tbd */; };
/* End PBXBuildFile section */

/* Begin PBXCopyFilesBuildPhase section */
		316AC9A2291345400018102C /* CopyFiles */ = {
			isa = PBXCopyFilesBuildPhase;
			buildActionMask = 2147483647;
			dstPath = /usr/share/man/man1/;
			dstSubfolderSpec = 0;
			files = (
			);
			runOnlyForDeploymentPostprocessing = 1;
		};
		3196E7BD2A4A62FE00F211D0 /* CopyFiles */ = {
			isa = PBXCopyFilesBuildPhase;
			buildActionMask = 2147483647;
			dstPath = /usr/share/man/man1/;
			dstSubfolderSpec = 0;
			files = (
			);
			runOnlyForDeploymentPostprocessing = 1;
		};
/* End PBXCopyFilesBuildPhase section */

/* Begin PBXFileReference section */
		316AC9A4291345400018102C /* SubRipText */ = {isa = PBXFileReference; explicitFileType = "compiled.mach-o.executable"; includeInIndex = 0; path = SubRipText; sourceTree = BUILT_PRODUCTS_DIR; };
		316AC9A6291345400018102C /* main.swift */ = {isa = PBXFileReference; lastKnownFileType = sourcecode.swift; path = main.swift; sourceTree = "<group>"; };
		316AC9AB291345C20018102C /* SubRipText.swift */ = {isa = PBXFileReference; lastKnownFileType = sourcecode.swift; path = SubRipText.swift; sourceTree = "<group>"; };
		316AC9B1291347FD0018102C /* SubRipTextTests.xctest */ = {isa = PBXFileReference; explicitFileType = wrapper.cfbundle; includeInIndex = 0; path = SubRipTextTests.xctest; sourceTree = BUILT_PRODUCTS_DIR; };
		316AC9B3291347FD0018102C /* SubRipTextTests.swift */ = {isa = PBXFileReference; lastKnownFileType = sourcecode.swift; path = SubRipTextTests.swift; sourceTree = "<group>"; };
		3196E7BF2A4A62FE00F211D0 /* ARIB */ = {isa = PBXFileReference; explicitFileType = "compiled.mach-o.executable"; includeInIndex = 0; path = ARIB; sourceTree = BUILT_PRODUCTS_DIR; };
		3196E7C12A4A62FE00F211D0 /* main.cpp */ = {isa = PBXFileReference; lastKnownFileType = sourcecode.cpp.cpp; path = main.cpp; sourceTree = "<group>"; };
		3196E7C72A4A63E700F211D0 /* libiconv.tbd */ = {isa = PBXFileReference; lastKnownFileType = "sourcecode.text-based-dylib-definition"; name = libiconv.tbd; path = usr/lib/libiconv.tbd; sourceTree = SDKROOT; };
/* End PBXFileReference section */

/* Begin PBXFrameworksBuildPhase section */
		316AC9A1291345400018102C /* Frameworks */ = {
			isa = PBXFrameworksBuildPhase;
			buildActionMask = 2147483647;
			files = (
			);
			runOnlyForDeploymentPostprocessing = 0;
		};
		316AC9AE291347FD0018102C /* Frameworks */ = {
			isa = PBXFrameworksBuildPhase;
			buildActionMask = 2147483647;
			files = (
			);
			runOnlyForDeploymentPostprocessing = 0;
		};
		3196E7BC2A4A62FE00F211D0 /* Frameworks */ = {
			isa = PBXFrameworksBuildPhase;
			buildActionMask = 2147483647;
			files = (
				3196E7C82A4A63E700F211D0 /* libiconv.tbd in Frameworks */,
			);
			runOnlyForDeploymentPostprocessing = 0;
		};
/* End PBXFrameworksBuildPhase section */

/* Begin PBXGroup section */
		316AC9A5291345400018102C /* SubRipText */ = {
			isa = PBXGroup;
			children = (
				316AC9AB291345C20018102C /* SubRipText.swift */,
				316AC9A6291345400018102C /* main.swift */,
			);
			path = SubRipText;
			sourceTree = "<group>";
		};
		316AC9B2291347FD0018102C /* SubRipTextTests */ = {
			isa = PBXGroup;
			children = (
				316AC9B3291347FD0018102C /* SubRipTextTests.swift */,
			);
			path = SubRipTextTests;
			sourceTree = "<group>";
		};
		317106092912BD2600886436 = {
			isa = PBXGroup;
			children = (
				316AC9A5291345400018102C /* SubRipText */,
				316AC9B2291347FD0018102C /* SubRipTextTests */,
				3196E7C02A4A62FE00F211D0 /* ARIB */,
				317106132912BD2600886436 /* Products */,
				3196E7C62A4A63E700F211D0 /* Frameworks */,
			);
			sourceTree = "<group>";
		};
		317106132912BD2600886436 /* Products */ = {
			isa = PBXGroup;
			children = (
				316AC9A4291345400018102C /* SubRipText */,
				316AC9B1291347FD0018102C /* SubRipTextTests.xctest */,
				3196E7BF2A4A62FE00F211D0 /* ARIB */,
			);
			name = Products;
			sourceTree = "<group>";
		};
		3196E7C02A4A62FE00F211D0 /* ARIB */ = {
			isa = PBXGroup;
			children = (
				3196E7C12A4A62FE00F211D0 /* main.cpp */,
			);
			path = ARIB;
			sourceTree = "<group>";
		};
		3196E7C62A4A63E700F211D0 /* Frameworks */ = {
			isa = PBXGroup;
			children = (
				3196E7C72A4A63E700F211D0 /* libiconv.tbd */,
			);
			name = Frameworks;
			sourceTree = "<group>";
		};
/* End PBXGroup section */

/* Begin PBXNativeTarget section */
		316AC9A3291345400018102C /* SubRipText */ = {
			isa = PBXNativeTarget;
			buildConfigurationList = 316AC9AA291345400018102C /* Build configuration list for PBXNativeTarget "SubRipText" */;
			buildPhases = (
				316AC9A0291345400018102C /* Sources */,
				316AC9A1291345400018102C /* Frameworks */,
				316AC9A2291345400018102C /* CopyFiles */,
			);
			buildRules = (
			);
			dependencies = (
			);
			name = SubRipText;
			productName = SubRipText;
			productReference = 316AC9A4291345400018102C /* SubRipText */;
			productType = "com.apple.product-type.tool";
		};
		316AC9B0291347FD0018102C /* SubRipTextTests */ = {
			isa = PBXNativeTarget;
			buildConfigurationList = 316AC9B5291347FD0018102C /* Build configuration list for PBXNativeTarget "SubRipTextTests" */;
			buildPhases = (
				316AC9AD291347FD0018102C /* Sources */,
				316AC9AE291347FD0018102C /* Frameworks */,
				316AC9AF291347FD0018102C /* Resources */,
			);
			buildRules = (
			);
			dependencies = (
			);
			name = SubRipTextTests;
			productName = SubRipTextTests;
			productReference = 316AC9B1291347FD0018102C /* SubRipTextTests.xctest */;
			productType = "com.apple.product-type.bundle.unit-test";
		};
		3196E7BE2A4A62FE00F211D0 /* ARIB */ = {
			isa = PBXNativeTarget;
			buildConfigurationList = 3196E7C52A4A62FE00F211D0 /* Build configuration list for PBXNativeTarget "ARIB" */;
			buildPhases = (
				3196E7BB2A4A62FE00F211D0 /* Sources */,
				3196E7BC2A4A62FE00F211D0 /* Frameworks */,
				3196E7BD2A4A62FE00F211D0 /* CopyFiles */,
			);
			buildRules = (
			);
			dependencies = (
			);
			name = ARIB;
			productName = ARIB;
			productReference = 3196E7BF2A4A62FE00F211D0 /* ARIB */;
			productType = "com.apple.product-type.tool";
		};
/* End PBXNativeTarget section */

/* Begin PBXProject section */
		3171060A2912BD2600886436 /* Project object */ = {
			isa = PBXProject;
			attributes = {
				BuildIndependentTargetsInParallel = 1;
				LastSwiftUpdateCheck = 1410;
				LastUpgradeCheck = 1600;
				TargetAttributes = {
					316AC9A3291345400018102C = {
						CreatedOnToolsVersion = 14.1;
					};
					316AC9B0291347FD0018102C = {
						CreatedOnToolsVersion = 14.1;
					};
					3196E7BE2A4A62FE00F211D0 = {
						CreatedOnToolsVersion = 14.3.1;
					};
				};
			};
			buildConfigurationList = 3171060D2912BD2600886436 /* Build configuration list for PBXProject "Subtitle" */;
			compatibilityVersion = "Xcode 14.0";
			developmentRegion = en;
			hasScannedForEncodings = 0;
			knownRegions = (
				en,
				Base,
			);
			mainGroup = 317106092912BD2600886436;
			productRefGroup = 317106132912BD2600886436 /* Products */;
			projectDirPath = "";
			projectRoot = "";
			targets = (
				316AC9A3291345400018102C /* SubRipText */,
				316AC9B0291347FD0018102C /* SubRipTextTests */,
				3196E7BE2A4A62FE00F211D0 /* ARIB */,
			);
		};
/* End PBXProject section */

/* Begin PBXResourcesBuildPhase section */
		316AC9AF291347FD0018102C /* Resources */ = {
			isa = PBXResourcesBuildPhase;
			buildActionMask = 2147483647;
			files = (
			);
			runOnlyForDeploymentPostprocessing = 0;
		};
/* End PBXResourcesBuildPhase section */

/* Begin PBXSourcesBuildPhase section */
		316AC9A0291345400018102C /* Sources */ = {
			isa = PBXSourcesBuildPhase;
			buildActionMask = 2147483647;
			files = (
				316AC9A7291345400018102C /* main.swift in Sources */,
				316AC9AC291345C20018102C /* SubRipText.swift in Sources */,
			);
			runOnlyForDeploymentPostprocessing = 0;
		};
		316AC9AD291347FD0018102C /* Sources */ = {
			isa = PBXSourcesBuildPhase;
			buildActionMask = 2147483647;
			files = (
				316AC9B4291347FD0018102C /* SubRipTextTests.swift in Sources */,
				316AC9B82913483B0018102C /* SubRipText.swift in Sources */,
			);
			runOnlyForDeploymentPostprocessing = 0;
		};
		3196E7BB2A4A62FE00F211D0 /* Sources */ = {
			isa = PBXSourcesBuildPhase;
			buildActionMask = 2147483647;
			files = (
				3196E7C22A4A62FE00F211D0 /* main.cpp in Sources */,
			);
			runOnlyForDeploymentPostprocessing = 0;
		};
/* End PBXSourcesBuildPhase section */

/* Begin XCBuildConfiguration section */
		316AC9A8291345400018102C /* Debug */ = {
			isa = XCBuildConfiguration;
			buildSettings = {
				CODE_SIGN_STYLE = Automatic;
				DEAD_CODE_STRIPPING = YES;
				DEVELOPMENT_TEAM = G5X3447297;
				ENABLE_HARDENED_RUNTIME = YES;
				PRODUCT_NAME = "$(TARGET_NAME)";
				SWIFT_VERSION = 6.0;
			};
			name = Debug;
		};
		316AC9A9291345400018102C /* Release */ = {
			isa = XCBuildConfiguration;
			buildSettings = {
				CODE_SIGN_STYLE = Automatic;
				DEAD_CODE_STRIPPING = YES;
				DEVELOPMENT_TEAM = G5X3447297;
				ENABLE_HARDENED_RUNTIME = YES;
				PRODUCT_NAME = "$(TARGET_NAME)";
				SWIFT_VERSION = 6.0;
			};
			name = Release;
		};
		316AC9B6291347FD0018102C /* Debug */ = {
			isa = XCBuildConfiguration;
			buildSettings = {
				CODE_SIGN_STYLE = Automatic;
				CURRENT_PROJECT_VERSION = 1;
				DEAD_CODE_STRIPPING = YES;
				DEVELOPMENT_TEAM = G5X3447297;
				GENERATE_INFOPLIST_FILE = YES;
				IPHONEOS_DEPLOYMENT_TARGET = 16.1;
				MACOSX_DEPLOYMENT_TARGET = 14.6;
				MARKETING_VERSION = 1.0;
				PRODUCT_BUNDLE_IDENTIFIER = com.Farsonic.SubRipTextTests;
				PRODUCT_NAME = "$(TARGET_NAME)";
				SDKROOT = auto;
				SUPPORTED_PLATFORMS = "iphoneos iphonesimulator macosx";
				SWIFT_EMIT_LOC_STRINGS = NO;
				SWIFT_VERSION = 5.0;
				TARGETED_DEVICE_FAMILY = "1,2";
			};
			name = Debug;
		};
		316AC9B7291347FD0018102C /* Release */ = {
			isa = XCBuildConfiguration;
			buildSettings = {
				CODE_SIGN_STYLE = Automatic;
				CURRENT_PROJECT_VERSION = 1;
				DEAD_CODE_STRIPPING = YES;
				DEVELOPMENT_TEAM = G5X3447297;
				GENERATE_INFOPLIST_FILE = YES;
				IPHONEOS_DEPLOYMENT_TARGET = 16.1;
				MACOSX_DEPLOYMENT_TARGET = 14.6;
				MARKETING_VERSION = 1.0;
				PRODUCT_BUNDLE_IDENTIFIER = com.Farsonic.SubRipTextTests;
				PRODUCT_NAME = "$(TARGET_NAME)";
				SDKROOT = auto;
				SUPPORTED_PLATFORMS = "iphoneos iphonesimulator macosx";
				SWIFT_EMIT_LOC_STRINGS = NO;
				SWIFT_VERSION = 5.0;
				TARGETED_DEVICE_FAMILY = "1,2";
			};
			name = Release;
		};
		317106172912BD2600886436 /* Debug */ = {
			isa = XCBuildConfiguration;
			buildSettings = {
				ALWAYS_SEARCH_USER_PATHS = NO;
				CLANG_ANALYZER_NONNULL = YES;
				CLANG_ANALYZER_NUMBER_OBJECT_CONVERSION = YES_AGGRESSIVE;
				CLANG_CXX_LANGUAGE_STANDARD = "gnu++20";
				CLANG_ENABLE_MODULES = YES;
				CLANG_ENABLE_OBJC_ARC = YES;
				CLANG_ENABLE_OBJC_WEAK = YES;
				CLANG_WARN_BLOCK_CAPTURE_AUTORELEASING = YES;
				CLANG_WARN_BOOL_CONVERSION = YES;
				CLANG_WARN_COMMA = YES;
				CLANG_WARN_CONSTANT_CONVERSION = YES;
				CLANG_WARN_DEPRECATED_OBJC_IMPLEMENTATIONS = YES;
				CLANG_WARN_DIRECT_OBJC_ISA_USAGE = YES_ERROR;
				CLANG_WARN_DOCUMENTATION_COMMENTS = YES;
				CLANG_WARN_EMPTY_BODY = YES;
				CLANG_WARN_ENUM_CONVERSION = YES;
				CLANG_WARN_INFINITE_RECURSION = YES;
				CLANG_WARN_INT_CONVERSION = YES;
				CLANG_WARN_NON_LITERAL_NULL_CONVERSION = YES;
				CLANG_WARN_OBJC_IMPLICIT_RETAIN_SELF = YES;
				CLANG_WARN_OBJC_LITERAL_CONVERSION = YES;
				CLANG_WARN_OBJC_ROOT_CLASS = YES_ERROR;
				CLANG_WARN_QUOTED_INCLUDE_IN_FRAMEWORK_HEADER = YES;
				CLANG_WARN_RANGE_LOOP_ANALYSIS = YES;
				CLANG_WARN_STRICT_PROTOTYPES = YES;
				CLANG_WARN_SUSPICIOUS_MOVE = YES;
				CLANG_WARN_UNGUARDED_AVAILABILITY = YES_AGGRESSIVE;
				CLANG_WARN_UNREACHABLE_CODE = YES;
				CLANG_WARN__DUPLICATE_METHOD_MATCH = YES;
				COPY_PHASE_STRIP = NO;
				DEAD_CODE_STRIPPING = YES;
				DEBUG_INFORMATION_FORMAT = dwarf;
				ENABLE_STRICT_OBJC_MSGSEND = YES;
				ENABLE_TESTABILITY = YES;
				ENABLE_USER_SCRIPT_SANDBOXING = YES;
				GCC_C_LANGUAGE_STANDARD = gnu11;
				GCC_DYNAMIC_NO_PIC = NO;
				GCC_NO_COMMON_BLOCKS = YES;
				GCC_OPTIMIZATION_LEVEL = 0;
				GCC_PREPROCESSOR_DEFINITIONS = (
					"DEBUG=1",
					"$(inherited)",
				);
				GCC_WARN_64_TO_32_BIT_CONVERSION = YES;
				GCC_WARN_ABOUT_RETURN_TYPE = YES_ERROR;
				GCC_WARN_UNDECLARED_SELECTOR = YES;
				GCC_WARN_UNINITIALIZED_AUTOS = YES_AGGRESSIVE;
				GCC_WARN_UNUSED_FUNCTION = YES;
				GCC_WARN_UNUSED_VARIABLE = YES;
				MACOSX_DEPLOYMENT_TARGET = 14.0;
				MTL_ENABLE_DEBUG_INFO = INCLUDE_SOURCE;
				MTL_FAST_MATH = YES;
				ONLY_ACTIVE_ARCH = YES;
				SDKROOT = macosx;
				SWIFT_ACTIVE_COMPILATION_CONDITIONS = DEBUG;
				SWIFT_OPTIMIZATION_LEVEL = "-Onone";
			};
			name = Debug;
		};
		317106182912BD2600886436 /* Release */ = {
			isa = XCBuildConfiguration;
			buildSettings = {
				ALWAYS_SEARCH_USER_PATHS = NO;
				CLANG_ANALYZER_NONNULL = YES;
				CLANG_ANALYZER_NUMBER_OBJECT_CONVERSION = YES_AGGRESSIVE;
				CLANG_CXX_LANGUAGE_STANDARD = "gnu++20";
				CLANG_ENABLE_MODULES = YES;
				CLANG_ENABLE_OBJC_ARC = YES;
				CLANG_ENABLE_OBJC_WEAK = YES;
				CLANG_WARN_BLOCK_CAPTURE_AUTORELEASING = YES;
				CLANG_WARN_BOOL_CONVERSION = YES;
				CLANG_WARN_COMMA = YES;
				CLANG_WARN_CONSTANT_CONVERSION = YES;
				CLANG_WARN_DEPRECATED_OBJC_IMPLEMENTATIONS = YES;
				CLANG_WARN_DIRECT_OBJC_ISA_USAGE = YES_ERROR;
				CLANG_WARN_DOCUMENTATION_COMMENTS = YES;
				CLANG_WARN_EMPTY_BODY = YES;
				CLANG_WARN_ENUM_CONVERSION = YES;
				CLANG_WARN_INFINITE_RECURSION = YES;
				CLANG_WARN_INT_CONVERSION = YES;
				CLANG_WARN_NON_LITERAL_NULL_CONVERSION = YES;
				CLANG_WARN_OBJC_IMPLICIT_RETAIN_SELF = YES;
				CLANG_WARN_OBJC_LITERAL_CONVERSION = YES;
				CLANG_WARN_OBJC_ROOT_CLASS = YES_ERROR;
				CLANG_WARN_QUOTED_INCLUDE_IN_FRAMEWORK_HEADER = YES;
				CLANG_WARN_RANGE_LOOP_ANALYSIS = YES;
				CLANG_WARN_STRICT_PROTOTYPES = YES;
				CLANG_WARN_SUSPICIOUS_MOVE = YES;
				CLANG_WARN_UNGUARDED_AVAILABILITY = YES_AGGRESSIVE;
				CLANG_WARN_UNREACHABLE_CODE = YES;
				CLANG_WARN__DUPLICATE_METHOD_MATCH = YES;
				COPY_PHASE_STRIP = NO;
				DEAD_CODE_STRIPPING = YES;
				DEBUG_INFORMATION_FORMAT = "dwarf-with-dsym";
				ENABLE_NS_ASSERTIONS = NO;
				ENABLE_STRICT_OBJC_MSGSEND = YES;
				ENABLE_USER_SCRIPT_SANDBOXING = YES;
				GCC_C_LANGUAGE_STANDARD = gnu11;
				GCC_NO_COMMON_BLOCKS = YES;
				GCC_WARN_64_TO_32_BIT_CONVERSION = YES;
				GCC_WARN_ABOUT_RETURN_TYPE = YES_ERROR;
				GCC_WARN_UNDECLARED_SELECTOR = YES;
				GCC_WARN_UNINITIALIZED_AUTOS = YES_AGGRESSIVE;
				GCC_WARN_UNUSED_FUNCTION = YES;
				GCC_WARN_UNUSED_VARIABLE = YES;
				MACOSX_DEPLOYMENT_TARGET = 14.0;
				MTL_ENABLE_DEBUG_INFO = NO;
				MTL_FAST_MATH = YES;
				SDKROOT = macosx;
				SWIFT_COMPILATION_MODE = wholemodule;
				SWIFT_OPTIMIZATION_LEVEL = "-O";
			};
			name = Release;
		};
		3196E7C32A4A62FE00F211D0 /* Debug */ = {
			isa = XCBuildConfiguration;
			buildSettings = {
				CODE_SIGN_STYLE = Automatic;
				DEAD_CODE_STRIPPING = YES;
				DEVELOPMENT_TEAM = G5X3447297;
				ENABLE_HARDENED_RUNTIME = YES;
				MACOSX_DEPLOYMENT_TARGET = 13.3;
				PRODUCT_NAME = "$(TARGET_NAME)";
			};
			name = Debug;
		};
		3196E7C42A4A62FE00F211D0 /* Release */ = {
			isa = XCBuildConfiguration;
			buildSettings = {
				CODE_SIGN_STYLE = Automatic;
				DEAD_CODE_STRIPPING = YES;
				DEVELOPMENT_TEAM = G5X3447297;
				ENABLE_HARDENED_RUNTIME = YES;
				MACOSX_DEPLOYMENT_TARGET = 13.3;
				PRODUCT_NAME = "$(TARGET_NAME)";
			};
			name = Release;
		};
/* End XCBuildConfiguration section */

/* Begin XCConfigurationList section */
		316AC9AA291345400018102C /* Build configuration list for PBXNativeTarget "SubRipText" */ = {
			isa = XCConfigurationList;
			buildConfigurations = (
				316AC9A8291345400018102C /* Debug */,
				316AC9A9291345400018102C /* Release */,
			);
			defaultConfigurationIsVisible = 0;
			defaultConfigurationName = Release;
		};
		316AC9B5291347FD0018102C /* Build configuration list for PBXNativeTarget "SubRipTextTests" */ = {
			isa = XCConfigurationList;
			buildConfigurations = (
				316AC9B6291347FD0018102C /* Debug */,
				316AC9B7291347FD0018102C /* Release */,
			);
			defaultConfigurationIsVisible = 0;
			defaultConfigurationName = Release;
		};
		3171060D2912BD2600886436 /* Build configuration list for PBXProject "Subtitle" */ = {
			isa = XCConfigurationList;
			buildConfigurations = (
				317106172912BD2600886436 /* Debug */,
				317106182912BD2600886436 /* Release */,
			);
			defaultConfigurationIsVisible = 0;
			defaultConfigurationName = Release;
		};
		3196E7C52A4A62FE00F211D0 /* Build configuration list for PBXNativeTarget "ARIB" */ = {
			isa = XCConfigurationList;
			buildConfigurations = (
				3196E7C32A4A62FE00F211D0 /* Debug */,
				3196E7C42A4A62FE00F211D0 /* Release */,
			);
			defaultConfigurationIsVisible = 0;
			defaultConfigurationName = Release;
		};
/* End XCConfigurationList section */
	};
	rootObject = 3171060A2912BD2600886436 /* Project object */;
}
